{
  "version": 4,
  "terraform_version": "0.12.24",
  "serial": 1,
  "lineage": "0098c05c-f0e9-5f70-c93a-f6fc3bb58a6b",
  "outputs": {},
  "resources": [
    {
      "mode": "managed",
      "type": "google_storage_bucket",
      "name": "b1",
      "provider": "provider.google",
      "instances": [
        {
          "schema_version": 0,
          "attributes": {
            "bucket_policy_only": false,
            "cors": [],
            "default_event_based_hold": false,
            "encryption": [],
            "force_destroy": false,
            "id": "test-2323-23232",
            "labels": null,
            "lifecycle_rule": [],
            "location": "US",
            "logging": [],
            "name": "test-2323-23232",
            "project": "proj-demo-120",
            "requester_pays": false,
            "retention_policy": [],
            "self_link": "https://www.googleapis.com/storage/v1/b/test-2323-23232",
            "storage_class": "STANDARD",
            "uniform_bucket_level_access": false,
            "url": "gs://test-2323-23232",
            "versioning": [],
            "website": []
          },
          "private": "bnVsbA=="
        }
      ]
    }
  ]
}
