{
  "version": 4,
  "terraform_version": "0.12.24",
  "serial": 88,
  "lineage": "ac7de324-5806-d9ec-3170-32312d1bde40",
  "outputs": {
    "alist": {
      "value": [
        "Rajesh",
        3.4,
        "Hello"
      ],
      "type": [
        "tuple",
        [
          "string",
          "number",
          "string"
        ]
      ]
    },
    "amap": {
      "value": "myvalue",
      "type": "string"
    },
    "arithmetic": {
      "value": "5,1,6,1",
      "type": "string"
    },
    "b2": {
      "value": [
        {
          "bucket_policy_only": false,
          "cors": [],
          "default_event_based_hold": false,
          "encryption": [],
          "force_destroy": false,
          "id": "proj-demo-120-us-east1-1",
          "labels": {},
          "lifecycle_rule": [],
          "location": "US-EAST1",
          "logging": [],
          "name": "proj-demo-120-us-east1-1",
          "project": "proj-demo-120",
          "requester_pays": false,
          "retention_policy": [],
          "self_link": "https://www.googleapis.com/storage/v1/b/proj-demo-120-us-east1-1",
          "storage_class": "STANDARD",
          "uniform_bucket_level_access": false,
          "url": "gs://proj-demo-120-us-east1-1",
          "versioning": [],
          "website": []
        },
        {
          "bucket_policy_only": false,
          "cors": [],
          "default_event_based_hold": false,
          "encryption": [],
          "force_destroy": false,
          "id": "proj-demo-120-us-east1-2",
          "labels": {},
          "lifecycle_rule": [],
          "location": "US-EAST1",
          "logging": [],
          "name": "proj-demo-120-us-east1-2",
          "project": "proj-demo-120",
          "requester_pays": false,
          "retention_policy": [],
          "self_link": "https://www.googleapis.com/storage/v1/b/proj-demo-120-us-east1-2",
          "storage_class": "STANDARD",
          "uniform_bucket_level_access": false,
          "url": "gs://proj-demo-120-us-east1-2",
          "versioning": [],
          "website": []
        }
      ],
      "type": [
        "tuple",
        [
          [
            "object",
            {
              "bucket_policy_only": "bool",
              "cors": [
                "list",
                [
                  "object",
                  {
                    "max_age_seconds": "number",
                    "method": [
                      "list",
                      "string"
                    ],
                    "origin": [
                      "list",
                      "string"
                    ],
                    "response_header": [
                      "list",
                      "string"
                    ]
                  }
                ]
              ],
              "default_event_based_hold": "bool",
              "encryption": [
                "list",
                [
                  "object",
                  {
                    "default_kms_key_name": "string"
                  }
                ]
              ],
              "force_destroy": "bool",
              "id": "string",
              "labels": [
                "map",
                "string"
              ],
              "lifecycle_rule": [
                "list",
                [
                  "object",
                  {
                    "action": [
                      "set",
                      [
                        "object",
                        {
                          "storage_class": "string",
                          "type": "string"
                        }
                      ]
                    ],
                    "condition": [
                      "set",
                      [
                        "object",
                        {
                          "age": "number",
                          "created_before": "string",
                          "custom_time_before": "string",
                          "days_since_custom_time": "number",
                          "days_since_noncurrent_time": "number",
                          "matches_storage_class": [
                            "list",
                            "string"
                          ],
                          "noncurrent_time_before": "string",
                          "num_newer_versions": "number",
                          "with_state": "string"
                        }
                      ]
                    ]
                  }
                ]
              ],
              "location": "string",
              "logging": [
                "list",
                [
                  "object",
                  {
                    "log_bucket": "string",
                    "log_object_prefix": "string"
                  }
                ]
              ],
              "name": "string",
              "project": "string",
              "requester_pays": "bool",
              "retention_policy": [
                "list",
                [
                  "object",
                  {
                    "is_locked": "bool",
                    "retention_period": "number"
                  }
                ]
              ],
              "self_link": "string",
              "storage_class": "string",
              "uniform_bucket_level_access": "bool",
              "url": "string",
              "versioning": [
                "list",
                [
                  "object",
                  {
                    "enabled": "bool"
                  }
                ]
              ],
              "website": [
                "list",
                [
                  "object",
                  {
                    "main_page_suffix": "string",
                    "not_found_page": "string"
                  }
                ]
              ]
            }
          ],
          [
            "object",
            {
              "bucket_policy_only": "bool",
              "cors": [
                "list",
                [
                  "object",
                  {
                    "max_age_seconds": "number",
                    "method": [
                      "list",
                      "string"
                    ],
                    "origin": [
                      "list",
                      "string"
                    ],
                    "response_header": [
                      "list",
                      "string"
                    ]
                  }
                ]
              ],
              "default_event_based_hold": "bool",
              "encryption": [
                "list",
                [
                  "object",
                  {
                    "default_kms_key_name": "string"
                  }
                ]
              ],
              "force_destroy": "bool",
              "id": "string",
              "labels": [
                "map",
                "string"
              ],
              "lifecycle_rule": [
                "list",
                [
                  "object",
                  {
                    "action": [
                      "set",
                      [
                        "object",
                        {
                          "storage_class": "string",
                          "type": "string"
                        }
                      ]
                    ],
                    "condition": [
                      "set",
                      [
                        "object",
                        {
                          "age": "number",
                          "created_before": "string",
                          "custom_time_before": "string",
                          "days_since_custom_time": "number",
                          "days_since_noncurrent_time": "number",
                          "matches_storage_class": [
                            "list",
                            "string"
                          ],
                          "noncurrent_time_before": "string",
                          "num_newer_versions": "number",
                          "with_state": "string"
                        }
                      ]
                    ]
                  }
                ]
              ],
              "location": "string",
              "logging": [
                "list",
                [
                  "object",
                  {
                    "log_bucket": "string",
                    "log_object_prefix": "string"
                  }
                ]
              ],
              "name": "string",
              "project": "string",
              "requester_pays": "bool",
              "retention_policy": [
                "list",
                [
                  "object",
                  {
                    "is_locked": "bool",
                    "retention_period": "number"
                  }
                ]
              ],
              "self_link": "string",
              "storage_class": "string",
              "uniform_bucket_level_access": "bool",
              "url": "string",
              "versioning": [
                "list",
                [
                  "object",
                  {
                    "enabled": "bool"
                  }
                ]
              ],
              "website": [
                "list",
                [
                  "object",
                  {
                    "main_page_suffix": "string",
                    "not_found_page": "string"
                  }
                ]
              ]
            }
          ]
        ]
      ]
    },
    "comparators": {
      "value": "true,true,true,true,true,true",
      "type": "string"
    },
    "config": {
      "value": {
        "access_token": "ya29.a0AfH6SMDUqZAaJxGono5EcRMeTF2BkAQnQJ5rtgVa6kuKAUKxjR2V_Mt2r_xlfWxl2j08iORFflb6jPyoYxoLGcx2ZHWs1Yqoob4YTG4pOMADnOjBZvMK2xMpJgloY-ZNanoerMsJXBtXJtstea96573I2VZ9DpcIx7tx_aC3RxEKoRfhFclmw-OKZUVPSKbFIVIK4DN8Pc2-dz0Ou1cC6Iuaf6CwlbW1bz5sK4k9KQBSNXVFaWHPen2bZszj1LeGF420Ekw2UFih-OKvK00W0Q",
        "id": "projects/proj-demo-120/regions/us-east1/zones/us-east1-b",
        "project": "proj-demo-120",
        "region": "us-east1",
        "zone": "us-east1-b"
      },
      "type": [
        "object",
        {
          "access_token": "string",
          "id": "string",
          "project": "string",
          "region": "string",
          "zone": "string"
        }
      ]
    },
    "datatypes": {
      "value": "Hello,3.55434,false",
      "type": "string"
    },
    "directive": {
      "value": "This is a heredoc with directives\n\nWelcome Rajesh\n\n",
      "type": "string"
    },
    "evens": {
      "value": [
        0,
        2,
        4,
        6
      ],
      "type": [
        "tuple",
        [
          "number",
          "number",
          "number",
          "number"
        ]
      ]
    },
    "functions": {
      "value": "2020-12-25T18:03:59Z,December,25,20201226 06:03 UTC",
      "type": "string"
    },
    "heredoc": {
      "value": "This is called `heredoc`\nmultiline string representation by using \u003c\u003c representation.\n",
      "type": "string"
    },
    "home_phone": {
      "value": 23923232,
      "type": "number"
    },
    "iterated": {
      "value": "This is iterated heredoc\n\n0 is even\n\n2 is even\n\n4 is even\n\n6 is even\n\n",
      "type": "string"
    },
    "list": {
      "value": [],
      "type": [
        "tuple",
        []
      ]
    },
    "logical": {
      "value": "false,true",
      "type": "string"
    },
    "my_map": {
      "value": {
        "one": "ONE",
        "three": "THREE",
        "two": "TWO"
      },
      "type": [
        "object",
        {
          "one": "string",
          "three": "string",
          "two": "string"
        }
      ]
    },
    "set": {
      "value": [],
      "type": [
        "set",
        "dynamic"
      ]
    },
    "splat_bucket_names": {
      "value": [
        "proj-demo-120-us-east1-1",
        "proj-demo-120-us-east1-2"
      ],
      "type": [
        "tuple",
        [
          "string",
          "string"
        ]
      ]
    },
    "string_function": {
      "value": "raj,RAJESH,Rajesh",
      "type": "string"
    },
    "upper_list": {
      "value": [
        "ONE",
        "TWO",
        "THREE"
      ],
      "type": [
        "tuple",
        [
          "string",
          "string",
          "string"
        ]
      ]
    },
    "welcome": {
      "value": "Hello Banu",
      "type": "string"
    },
    "zbucket": {
      "value": {
        "bucket_policy_only": false,
        "cors": [],
        "default_event_based_hold": false,
        "encryption": [],
        "force_destroy": true,
        "id": "proj-demo-120-terraformstate",
        "labels": {},
        "lifecycle_rule": [],
        "location": "US-EAST1",
        "logging": [],
        "name": "proj-demo-120-terraformstate",
        "project": "proj-demo-120",
        "requester_pays": false,
        "retention_policy": [],
        "self_link": "https://www.googleapis.com/storage/v1/b/proj-demo-120-terraformstate",
        "storage_class": "STANDARD",
        "uniform_bucket_level_access": false,
        "url": "gs://proj-demo-120-terraformstate",
        "versioning": [
          {
            "enabled": true
          }
        ],
        "website": []
      },
      "type": [
        "object",
        {
          "bucket_policy_only": "bool",
          "cors": [
            "list",
            [
              "object",
              {
                "max_age_seconds": "number",
                "method": [
                  "list",
                  "string"
                ],
                "origin": [
                  "list",
                  "string"
                ],
                "response_header": [
                  "list",
                  "string"
                ]
              }
            ]
          ],
          "default_event_based_hold": "bool",
          "encryption": [
            "list",
            [
              "object",
              {
                "default_kms_key_name": "string"
              }
            ]
          ],
          "force_destroy": "bool",
          "id": "string",
          "labels": [
            "map",
            "string"
          ],
          "lifecycle_rule": [
            "list",
            [
              "object",
              {
                "action": [
                  "set",
                  [
                    "object",
                    {
                      "storage_class": "string",
                      "type": "string"
                    }
                  ]
                ],
                "condition": [
                  "set",
                  [
                    "object",
                    {
                      "age": "number",
                      "created_before": "string",
                      "custom_time_before": "string",
                      "days_since_custom_time": "number",
                      "days_since_noncurrent_time": "number",
                      "matches_storage_class": [
                        "list",
                        "string"
                      ],
                      "noncurrent_time_before": "string",
                      "num_newer_versions": "number",
                      "with_state": "string"
                    }
                  ]
                ]
              }
            ]
          ],
          "location": "string",
          "logging": [
            "list",
            [
              "object",
              {
                "log_bucket": "string",
                "log_object_prefix": "string"
              }
            ]
          ],
          "name": "string",
          "project": "string",
          "requester_pays": "bool",
          "retention_policy": [
            "list",
            [
              "object",
              {
                "is_locked": "bool",
                "retention_period": "number"
              }
            ]
          ],
          "self_link": "string",
          "storage_class": "string",
          "uniform_bucket_level_access": "bool",
          "url": "string",
          "versioning": [
            "list",
            [
              "object",
              {
                "enabled": "bool"
              }
            ]
          ],
          "website": [
            "list",
            [
              "object",
              {
                "main_page_suffix": "string",
                "not_found_page": "string"
              }
            ]
          ]
        }
      ]
    },
    "zmyrandomint": {
      "value": 1290646,
      "type": "number"
    }
  },
  "resources": [
    {
      "mode": "data",
      "type": "google_client_config",
      "name": "current",
      "provider": "provider.google",
      "instances": [
        {
          "schema_version": 0,
          "attributes": {
            "access_token": "ya29.a0AfH6SMDUqZAaJxGono5EcRMeTF2BkAQnQJ5rtgVa6kuKAUKxjR2V_Mt2r_xlfWxl2j08iORFflb6jPyoYxoLGcx2ZHWs1Yqoob4YTG4pOMADnOjBZvMK2xMpJgloY-ZNanoerMsJXBtXJtstea96573I2VZ9DpcIx7tx_aC3RxEKoRfhFclmw-OKZUVPSKbFIVIK4DN8Pc2-dz0Ou1cC6Iuaf6CwlbW1bz5sK4k9KQBSNXVFaWHPen2bZszj1LeGF420Ekw2UFih-OKvK00W0Q",
            "id": "projects/proj-demo-120/regions/us-east1/zones/us-east1-b",
            "project": "proj-demo-120",
            "region": "us-east1",
            "zone": "us-east1-b"
          }
        }
      ]
    },
    {
      "module": "module.hello",
      "mode": "data",
      "type": "google_client_config",
      "name": "current",
      "provider": "provider.google",
      "instances": [
        {
          "schema_version": 0,
          "attributes": {
            "access_token": "ya29.a0AfH6SMDUqZAaJxGono5EcRMeTF2BkAQnQJ5rtgVa6kuKAUKxjR2V_Mt2r_xlfWxl2j08iORFflb6jPyoYxoLGcx2ZHWs1Yqoob4YTG4pOMADnOjBZvMK2xMpJgloY-ZNanoerMsJXBtXJtstea96573I2VZ9DpcIx7tx_aC3RxEKoRfhFclmw-OKZUVPSKbFIVIK4DN8Pc2-dz0Ou1cC6Iuaf6CwlbW1bz5sK4k9KQBSNXVFaWHPen2bZszj1LeGF420Ekw2UFih-OKvK00W0Q",
            "id": "projects/proj-demo-120/regions/us-east1/zones/us-east1-b",
            "project": "proj-demo-120",
            "region": "us-east1",
            "zone": "us-east1-b"
          }
        }
      ]
    },
    {
      "mode": "managed",
      "type": "google_storage_bucket",
      "name": "b",
      "each": "map",
      "provider": "provider.google",
      "instances": []
    },
    {
      "module": "module.hello",
      "mode": "managed",
      "type": "google_storage_bucket",
      "name": "b1",
      "provider": "provider.google",
      "instances": [
        {
          "schema_version": 0,
          "attributes": {
            "bucket_policy_only": false,
            "cors": [],
            "default_event_based_hold": false,
            "encryption": [],
            "force_destroy": true,
            "id": "proj-demo-120-terraformstate",
            "labels": {},
            "lifecycle_rule": [],
            "location": "US-EAST1",
            "logging": [],
            "name": "proj-demo-120-terraformstate",
            "project": "proj-demo-120",
            "requester_pays": false,
            "retention_policy": [],
            "self_link": "https://www.googleapis.com/storage/v1/b/proj-demo-120-terraformstate",
            "storage_class": "STANDARD",
            "uniform_bucket_level_access": false,
            "url": "gs://proj-demo-120-terraformstate",
            "versioning": [
              {
                "enabled": true
              }
            ],
            "website": []
          },
          "private": "bnVsbA=="
        }
      ]
    },
    {
      "mode": "managed",
      "type": "google_storage_bucket",
      "name": "b2",
      "each": "list",
      "provider": "provider.google",
      "instances": [
        {
          "index_key": 0,
          "schema_version": 0,
          "attributes": {
            "bucket_policy_only": false,
            "cors": [],
            "default_event_based_hold": false,
            "encryption": [],
            "force_destroy": false,
            "id": "proj-demo-120-us-east1-1",
            "labels": {},
            "lifecycle_rule": [],
            "location": "US-EAST1",
            "logging": [],
            "name": "proj-demo-120-us-east1-1",
            "project": "proj-demo-120",
            "requester_pays": false,
            "retention_policy": [],
            "self_link": "https://www.googleapis.com/storage/v1/b/proj-demo-120-us-east1-1",
            "storage_class": "STANDARD",
            "uniform_bucket_level_access": false,
            "url": "gs://proj-demo-120-us-east1-1",
            "versioning": [],
            "website": []
          },
          "private": "bnVsbA=="
        },
        {
          "index_key": 1,
          "schema_version": 0,
          "attributes": {
            "bucket_policy_only": false,
            "cors": [],
            "default_event_based_hold": false,
            "encryption": [],
            "force_destroy": false,
            "id": "proj-demo-120-us-east1-2",
            "labels": {},
            "lifecycle_rule": [],
            "location": "US-EAST1",
            "logging": [],
            "name": "proj-demo-120-us-east1-2",
            "project": "proj-demo-120",
            "requester_pays": false,
            "retention_policy": [],
            "self_link": "https://www.googleapis.com/storage/v1/b/proj-demo-120-us-east1-2",
            "storage_class": "STANDARD",
            "uniform_bucket_level_access": false,
            "url": "gs://proj-demo-120-us-east1-2",
            "versioning": [],
            "website": []
          },
          "private": "bnVsbA=="
        }
      ]
    },
    {
      "mode": "managed",
      "type": "google_storage_bucket",
      "name": "bucket",
      "each": "list",
      "provider": "provider.google",
      "instances": []
    },
    {
      "mode": "managed",
      "type": "random_integer",
      "name": "myint",
      "provider": "provider.random",
      "instances": [
        {
          "schema_version": 0,
          "attributes": {
            "id": "1290646",
            "keepers": null,
            "max": 1299999,
            "min": 1200000,
            "result": 1290646,
            "seed": null
          },
          "private": "bnVsbA=="
        }
      ]
    }
  ]
}
