{
  "version": 4,
  "terraform_version": "0.12.24",
  "serial": 71,
  "lineage": "3a028506-f4f5-2942-d165-45dc38de1225",
  "outputs": {
    "jenkins_url": {
      "value": "http://35.237.66.45:8080/",
      "type": "string"
    }
  },
  "resources": [
    {
      "mode": "data",
      "type": "google_compute_image",
      "name": "myimage",
      "provider": "provider.google",
      "instances": [
        {
          "schema_version": 0,
          "attributes": {
            "archive_size_bytes": 1188432960,
            "creation_timestamp": "2020-12-17T09:17:28.949-08:00",
            "description": "Debian, Debian GNU/Linux, 10 (buster), amd64 built on 20201216, supports Shielded VM features",
            "disk_size_gb": 10,
            "family": "debian-10",
            "filter": null,
            "id": "projects/debian-cloud/global/images/debian-10-buster-v20201216",
            "image_encryption_key_sha256": "",
            "image_id": "208336788252929095",
            "label_fingerprint": "42WmSpB8rSM=",
            "labels": {},
            "licenses": [
              "https://www.googleapis.com/compute/v1/projects/debian-cloud/global/licenses/debian-10-buster"
            ],
            "name": "debian-10-buster-v20201216",
            "project": "debian-cloud",
            "self_link": "https://www.googleapis.com/compute/v1/projects/debian-cloud/global/images/debian-10-buster-v20201216",
            "source_disk": "",
            "source_disk_encryption_key_sha256": "",
            "source_disk_id": "",
            "source_image_id": "",
            "status": "READY"
          }
        }
      ]
    },
    {
      "mode": "managed",
      "type": "google_compute_disk",
      "name": "mydisk",
      "provider": "provider.google",
      "instances": [
        {
          "schema_version": 0,
          "attributes": {
            "creation_timestamp": "2020-12-21T15:12:21.555-08:00",
            "description": "",
            "disk_encryption_key": [],
            "id": "projects/proj-demo-120/zones/us-east1-b/disks/jenkins",
            "image": "https://www.googleapis.com/compute/v1/projects/debian-cloud/global/images/debian-10-buster-v20201216",
            "label_fingerprint": "42WmSpB8rSM=",
            "labels": null,
            "last_attach_timestamp": "",
            "last_detach_timestamp": "",
            "name": "jenkins",
            "physical_block_size_bytes": 4096,
            "project": "proj-demo-120",
            "self_link": "https://www.googleapis.com/compute/v1/projects/proj-demo-120/zones/us-east1-b/disks/jenkins",
            "size": 10,
            "snapshot": "",
            "source_image_encryption_key": [],
            "source_image_id": "208336788252929095",
            "source_snapshot_encryption_key": [],
            "source_snapshot_id": "",
            "timeouts": null,
            "type": "pd-ssd",
            "users": [],
            "zone": "us-east1-b"
          },
          "private": "eyJlMmJmYjczMC1lY2FhLTExZTYtOGY4OC0zNDM2M2JjN2M0YzAiOnsiY3JlYXRlIjozMDAwMDAwMDAwMDAsImRlbGV0ZSI6MjQwMDAwMDAwMDAwLCJ1cGRhdGUiOjI0MDAwMDAwMDAwMH19"
        }
      ]
    },
    {
      "mode": "managed",
      "type": "google_compute_firewall",
      "name": "allow_http",
      "provider": "provider.google",
      "instances": [
        {
          "schema_version": 1,
          "attributes": {
            "allow": [
              {
                "ports": [
                  "80",
                  "8080"
                ],
                "protocol": "tcp"
              }
            ],
            "creation_timestamp": "2020-12-21T15:12:21.297-08:00",
            "deny": [],
            "description": "",
            "destination_ranges": [],
            "direction": "INGRESS",
            "disabled": false,
            "enable_logging": null,
            "id": "projects/proj-demo-120/global/firewalls/allow-http",
            "log_config": [],
            "name": "allow-http",
            "network": "https://www.googleapis.com/compute/v1/projects/proj-demo-120/global/networks/default",
            "priority": 1000,
            "project": "proj-demo-120",
            "self_link": "https://www.googleapis.com/compute/v1/projects/proj-demo-120/global/firewalls/allow-http",
            "source_ranges": [
              "0.0.0.0/0"
            ],
            "source_service_accounts": null,
            "source_tags": null,
            "target_service_accounts": null,
            "target_tags": [
              "http"
            ],
            "timeouts": null
          },
          "private": "eyJlMmJmYjczMC1lY2FhLTExZTYtOGY4OC0zNDM2M2JjN2M0YzAiOnsiY3JlYXRlIjoyNDAwMDAwMDAwMDAsImRlbGV0ZSI6MjQwMDAwMDAwMDAwLCJ1cGRhdGUiOjI0MDAwMDAwMDAwMH0sInNjaGVtYV92ZXJzaW9uIjoiMSJ9"
        }
      ]
    },
    {
      "mode": "managed",
      "type": "google_compute_instance",
      "name": "myinstance",
      "provider": "provider.google",
      "instances": [
        {
          "schema_version": 6,
          "attributes": {
            "allow_stopping_for_update": null,
            "attached_disk": [],
            "boot_disk": [
              {
                "auto_delete": false,
                "device_name": "persistent-disk-0",
                "disk_encryption_key_raw": "",
                "disk_encryption_key_sha256": "",
                "initialize_params": [
                  {
                    "image": "https://www.googleapis.com/compute/v1/projects/debian-cloud/global/images/debian-10-buster-v20201216",
                    "labels": {},
                    "size": 10,
                    "type": "pd-ssd"
                  }
                ],
                "kms_key_self_link": "",
                "mode": "READ_WRITE",
                "source": "https://www.googleapis.com/compute/v1/projects/proj-demo-120/zones/us-east1-b/disks/jenkins"
              }
            ],
            "can_ip_forward": false,
            "cpu_platform": "Intel Haswell",
            "current_status": "RUNNING",
            "deletion_protection": false,
            "description": "",
            "desired_status": null,
            "enable_display": false,
            "guest_accelerator": [],
            "hostname": "",
            "id": "projects/proj-demo-120/zones/us-east1-b/instances/jenkins",
            "instance_id": "2465440164991505678",
            "label_fingerprint": "42WmSpB8rSM=",
            "labels": null,
            "machine_type": "f1-micro",
            "metadata": null,
            "metadata_fingerprint": "YbsaKYyB2Rw=",
            "metadata_startup_script": "sudo apt-get update\nsudo apt-get -y install git-all \nsudo apt-get -y install default-jdk \njava -version\ncd /tmp\ncurl -LO http://mirrors.jenkins.io/war-stable/latest/jenkins.war\njava -jar jenkins.war \u003e/tmp/jenkins.log \u0026\n",
            "min_cpu_platform": "",
            "name": "jenkins",
            "network_interface": [
              {
                "access_config": [
                  {
                    "nat_ip": "35.237.66.45",
                    "network_tier": "PREMIUM",
                    "public_ptr_domain_name": ""
                  }
                ],
                "alias_ip_range": [],
                "name": "nic0",
                "network": "https://www.googleapis.com/compute/v1/projects/proj-demo-120/global/networks/default",
                "network_ip": "10.142.0.14",
                "subnetwork": "https://www.googleapis.com/compute/v1/projects/proj-demo-120/regions/us-east1/subnetworks/default",
                "subnetwork_project": "proj-demo-120"
              }
            ],
            "project": "proj-demo-120",
            "resource_policies": null,
            "scheduling": [
              {
                "automatic_restart": true,
                "node_affinities": [],
                "on_host_maintenance": "MIGRATE",
                "preemptible": false
              }
            ],
            "scratch_disk": [],
            "self_link": "https://www.googleapis.com/compute/v1/projects/proj-demo-120/zones/us-east1-b/instances/jenkins",
            "service_account": [],
            "shielded_instance_config": [
              {
                "enable_integrity_monitoring": true,
                "enable_secure_boot": false,
                "enable_vtpm": true
              }
            ],
            "tags": [
              "http"
            ],
            "tags_fingerprint": "MulzF_u7WEg=",
            "timeouts": null,
            "zone": "us-east1-b"
          },
          "private": "eyJlMmJmYjczMC1lY2FhLTExZTYtOGY4OC0zNDM2M2JjN2M0YzAiOnsiY3JlYXRlIjoxMjAwMDAwMDAwMDAwLCJkZWxldGUiOjEyMDAwMDAwMDAwMDAsInVwZGF0ZSI6MTIwMDAwMDAwMDAwMH0sInNjaGVtYV92ZXJzaW9uIjoiNiJ9",
          "dependencies": [
            "google_compute_disk.mydisk"
          ]
        }
      ]
    }
  ]
}
