{
  "version": 4,
  "terraform_version": "0.12.24",
  "serial": 62,
  "lineage": "1f25e748-e821-d4d2-e15b-ba8b310e6351",
  "outputs": {
    "cidrsubnets": {
      "value": [
        "10.0.0.0/24",
        "10.0.1.0/24",
        "10.0.2.0/24",
        "10.0.3.0/24",
        "10.0.4.0/24",
        "10.0.5.0/24",
        "10.0.6.0/24",
        "10.0.7.0/24"
      ],
      "type": [
        "tuple",
        [
          "string",
          "string",
          "string",
          "string",
          "string",
          "string",
          "string",
          "string"
        ]
      ]
    },
    "slice": {
      "value": [
        "10.0.0.0/24",
        "10.0.1.0/24"
      ],
      "type": [
        "tuple",
        [
          "string",
          "string"
        ]
      ]
    }
  },
  "resources": [
    {
      "mode": "data",
      "type": "template_file",
      "name": "cidr",
      "each": "list",
      "provider": "provider.template",
      "instances": [
        {
          "index_key": 0,
          "schema_version": 0,
          "attributes": {
            "filename": null,
            "id": "a34d80f7b68bf2b583681f727bae85f5a202ee100ad60ab3b3d351b9ce929539",
            "rendered": "10.0.0.0/24",
            "template": "${cidrsubnet(cidr,8,count)}",
            "vars": {
              "cidr": "10.0.0.0/16",
              "count": "0"
            }
          }
        },
        {
          "index_key": 1,
          "schema_version": 0,
          "attributes": {
            "filename": null,
            "id": "cbaf82725f6dbdc7b853d44bf5ad19570d329f483523165c7aa6ff23366b00c8",
            "rendered": "10.0.1.0/24",
            "template": "${cidrsubnet(cidr,8,count)}",
            "vars": {
              "cidr": "10.0.0.0/16",
              "count": "1"
            }
          }
        },
        {
          "index_key": 2,
          "schema_version": 0,
          "attributes": {
            "filename": null,
            "id": "f2071d57e2adf997ba105ea5f133f5e69a50e518482a501d6f4fc517bd58253b",
            "rendered": "10.0.2.0/24",
            "template": "${cidrsubnet(cidr,8,count)}",
            "vars": {
              "cidr": "10.0.0.0/16",
              "count": "2"
            }
          }
        },
        {
          "index_key": 3,
          "schema_version": 0,
          "attributes": {
            "filename": null,
            "id": "05e4821ce82c1c13482b4163c414955fbfc5553983641b41c75df895b238935c",
            "rendered": "10.0.3.0/24",
            "template": "${cidrsubnet(cidr,8,count)}",
            "vars": {
              "cidr": "10.0.0.0/16",
              "count": "3"
            }
          }
        },
        {
          "index_key": 4,
          "schema_version": 0,
          "attributes": {
            "filename": null,
            "id": "a97b990e6126126d7a705663a47d39abe741511b17201d63dbc110900e7edff1",
            "rendered": "10.0.4.0/24",
            "template": "${cidrsubnet(cidr,8,count)}",
            "vars": {
              "cidr": "10.0.0.0/16",
              "count": "4"
            }
          }
        },
        {
          "index_key": 5,
          "schema_version": 0,
          "attributes": {
            "filename": null,
            "id": "a5a4187c8ce4486085106dffea0388d0f3d744c88aea7fe376cb972c9cfdcdaa",
            "rendered": "10.0.5.0/24",
            "template": "${cidrsubnet(cidr,8,count)}",
            "vars": {
              "cidr": "10.0.0.0/16",
              "count": "5"
            }
          }
        },
        {
          "index_key": 6,
          "schema_version": 0,
          "attributes": {
            "filename": null,
            "id": "da9d6c230ee49f25df24c1b4d5ba2bb66bfde5e9372e37728b99849b79fccb08",
            "rendered": "10.0.6.0/24",
            "template": "${cidrsubnet(cidr,8,count)}",
            "vars": {
              "cidr": "10.0.0.0/16",
              "count": "6"
            }
          }
        },
        {
          "index_key": 7,
          "schema_version": 0,
          "attributes": {
            "filename": null,
            "id": "f200df2dbdca1b689636887da4664bb52c89c8f185cd4277a2ae7c2d8a216c2b",
            "rendered": "10.0.7.0/24",
            "template": "${cidrsubnet(cidr,8,count)}",
            "vars": {
              "cidr": "10.0.0.0/16",
              "count": "7"
            }
          }
        }
      ]
    },
    {
      "mode": "managed",
      "type": "google_storage_bucket",
      "name": "bucket",
      "each": "list",
      "provider": "provider.google",
      "instances": [
        {
          "index_key": 0,
          "schema_version": 0,
          "attributes": {
            "bucket_policy_only": false,
            "cors": [],
            "default_event_based_hold": false,
            "encryption": [],
            "force_destroy": false,
            "id": "prod-418159-1",
            "labels": {},
            "lifecycle_rule": [
              {
                "action": [
                  {
                    "storage_class": "",
                    "type": "Delete"
                  }
                ],
                "condition": [
                  {
                    "age": 3,
                    "created_before": "",
                    "custom_time_before": "",
                    "days_since_custom_time": 0,
                    "days_since_noncurrent_time": 0,
                    "matches_storage_class": [],
                    "noncurrent_time_before": "",
                    "num_newer_versions": 0,
                    "with_state": "ANY"
                  }
                ]
              }
            ],
            "location": "US",
            "logging": [],
            "name": "prod-418159-1",
            "project": "proj-demo-120",
            "requester_pays": false,
            "retention_policy": [],
            "self_link": "https://www.googleapis.com/storage/v1/b/prod-418159-1",
            "storage_class": "STANDARD",
            "uniform_bucket_level_access": false,
            "url": "gs://prod-418159-1",
            "versioning": [
              {
                "enabled": true
              }
            ],
            "website": []
          },
          "private": "bnVsbA==",
          "dependencies": [
            "random_integer.rand"
          ]
        },
        {
          "index_key": 1,
          "schema_version": 0,
          "attributes": {
            "bucket_policy_only": false,
            "cors": [],
            "default_event_based_hold": false,
            "encryption": [],
            "force_destroy": false,
            "id": "prod-418159-2",
            "labels": {},
            "lifecycle_rule": [
              {
                "action": [
                  {
                    "storage_class": "",
                    "type": "Delete"
                  }
                ],
                "condition": [
                  {
                    "age": 3,
                    "created_before": "",
                    "custom_time_before": "",
                    "days_since_custom_time": 0,
                    "days_since_noncurrent_time": 0,
                    "matches_storage_class": [],
                    "noncurrent_time_before": "",
                    "num_newer_versions": 0,
                    "with_state": "ANY"
                  }
                ]
              }
            ],
            "location": "US",
            "logging": [],
            "name": "prod-418159-2",
            "project": "proj-demo-120",
            "requester_pays": false,
            "retention_policy": [],
            "self_link": "https://www.googleapis.com/storage/v1/b/prod-418159-2",
            "storage_class": "STANDARD",
            "uniform_bucket_level_access": false,
            "url": "gs://prod-418159-2",
            "versioning": [
              {
                "enabled": true
              }
            ],
            "website": []
          },
          "private": "bnVsbA==",
          "dependencies": [
            "random_integer.rand"
          ]
        },
        {
          "index_key": 2,
          "schema_version": 0,
          "attributes": {
            "bucket_policy_only": false,
            "cors": [],
            "default_event_based_hold": false,
            "encryption": [],
            "force_destroy": false,
            "id": "prod-418159-3",
            "labels": {},
            "lifecycle_rule": [
              {
                "action": [
                  {
                    "storage_class": "",
                    "type": "Delete"
                  }
                ],
                "condition": [
                  {
                    "age": 3,
                    "created_before": "",
                    "custom_time_before": "",
                    "days_since_custom_time": 0,
                    "days_since_noncurrent_time": 0,
                    "matches_storage_class": [],
                    "noncurrent_time_before": "",
                    "num_newer_versions": 0,
                    "with_state": "ANY"
                  }
                ]
              }
            ],
            "location": "US",
            "logging": [],
            "name": "prod-418159-3",
            "project": "proj-demo-120",
            "requester_pays": false,
            "retention_policy": [],
            "self_link": "https://www.googleapis.com/storage/v1/b/prod-418159-3",
            "storage_class": "STANDARD",
            "uniform_bucket_level_access": false,
            "url": "gs://prod-418159-3",
            "versioning": [
              {
                "enabled": true
              }
            ],
            "website": []
          },
          "private": "bnVsbA==",
          "dependencies": [
            "random_integer.rand"
          ]
        },
        {
          "index_key": 3,
          "schema_version": 0,
          "attributes": {
            "bucket_policy_only": false,
            "cors": [],
            "default_event_based_hold": false,
            "encryption": [],
            "force_destroy": false,
            "id": "prod-418159-4",
            "labels": {},
            "lifecycle_rule": [
              {
                "action": [
                  {
                    "storage_class": "",
                    "type": "Delete"
                  }
                ],
                "condition": [
                  {
                    "age": 3,
                    "created_before": "",
                    "custom_time_before": "",
                    "days_since_custom_time": 0,
                    "days_since_noncurrent_time": 0,
                    "matches_storage_class": [],
                    "noncurrent_time_before": "",
                    "num_newer_versions": 0,
                    "with_state": "ANY"
                  }
                ]
              }
            ],
            "location": "US",
            "logging": [],
            "name": "prod-418159-4",
            "project": "proj-demo-120",
            "requester_pays": false,
            "retention_policy": [],
            "self_link": "https://www.googleapis.com/storage/v1/b/prod-418159-4",
            "storage_class": "STANDARD",
            "uniform_bucket_level_access": false,
            "url": "gs://prod-418159-4",
            "versioning": [
              {
                "enabled": true
              }
            ],
            "website": []
          },
          "private": "bnVsbA==",
          "dependencies": [
            "random_integer.rand"
          ]
        },
        {
          "index_key": 4,
          "schema_version": 0,
          "attributes": {
            "bucket_policy_only": false,
            "cors": [],
            "default_event_based_hold": false,
            "encryption": [],
            "force_destroy": false,
            "id": "prod-418159-5",
            "labels": {},
            "lifecycle_rule": [
              {
                "action": [
                  {
                    "storage_class": "",
                    "type": "Delete"
                  }
                ],
                "condition": [
                  {
                    "age": 3,
                    "created_before": "",
                    "custom_time_before": "",
                    "days_since_custom_time": 0,
                    "days_since_noncurrent_time": 0,
                    "matches_storage_class": [],
                    "noncurrent_time_before": "",
                    "num_newer_versions": 0,
                    "with_state": "ANY"
                  }
                ]
              }
            ],
            "location": "US",
            "logging": [],
            "name": "prod-418159-5",
            "project": "proj-demo-120",
            "requester_pays": false,
            "retention_policy": [],
            "self_link": "https://www.googleapis.com/storage/v1/b/prod-418159-5",
            "storage_class": "STANDARD",
            "uniform_bucket_level_access": false,
            "url": "gs://prod-418159-5",
            "versioning": [
              {
                "enabled": true
              }
            ],
            "website": []
          },
          "private": "bnVsbA==",
          "dependencies": [
            "random_integer.rand"
          ]
        }
      ]
    },
    {
      "mode": "managed",
      "type": "random_integer",
      "name": "rand",
      "provider": "provider.random",
      "instances": [
        {
          "schema_version": 0,
          "attributes": {
            "id": "418159",
            "keepers": null,
            "max": 999999,
            "min": 189800,
            "result": 418159,
            "seed": null
          },
          "private": "bnVsbA=="
        }
      ]
    }
  ]
}
