{
  "version": 4,
  "terraform_version": "0.12.24",
  "serial": 12,
  "lineage": "a7f7ad2a-e9e4-bff3-ea7a-94afb8a4a2b2",
  "outputs": {},
  "resources": [
    {
      "mode": "managed",
      "type": "google_storage_bucket",
      "name": "bucket",
      "each": "list",
      "provider": "provider.google",
      "instances": [
        {
          "index_key": 0,
          "schema_version": 0,
          "attributes": {
            "bucket_policy_only": false,
            "cors": [],
            "default_event_based_hold": false,
            "encryption": [],
            "force_destroy": false,
            "id": "dev-297401-1",
            "labels": null,
            "lifecycle_rule": [
              {
                "action": [
                  {
                    "storage_class": "",
                    "type": "Delete"
                  }
                ],
                "condition": [
                  {
                    "age": 3,
                    "created_before": "",
                    "custom_time_before": "",
                    "days_since_custom_time": 0,
                    "days_since_noncurrent_time": 0,
                    "matches_storage_class": [],
                    "noncurrent_time_before": "",
                    "num_newer_versions": 0,
                    "with_state": "ANY"
                  }
                ]
              }
            ],
            "location": "US",
            "logging": [],
            "name": "dev-297401-1",
            "project": "proj-demo-120",
            "requester_pays": false,
            "retention_policy": [],
            "self_link": "https://www.googleapis.com/storage/v1/b/dev-297401-1",
            "storage_class": "STANDARD",
            "uniform_bucket_level_access": false,
            "url": "gs://dev-297401-1",
            "versioning": [
              {
                "enabled": false
              }
            ],
            "website": []
          },
          "private": "bnVsbA==",
          "dependencies": [
            "random_integer.rand"
          ]
        }
      ]
    },
    {
      "mode": "managed",
      "type": "random_integer",
      "name": "rand",
      "provider": "provider.random",
      "instances": [
        {
          "schema_version": 0,
          "attributes": {
            "id": "297401",
            "keepers": null,
            "max": 999999,
            "min": 189800,
            "result": 297401,
            "seed": null
          },
          "private": "bnVsbA=="
        }
      ]
    }
  ]
}
