{
  "version": 4,
  "terraform_version": "0.12.24",
  "serial": 20,
  "lineage": "8e42e626-d7e4-1ced-06f8-4980ae02eccb",
  "outputs": {
    "zones": {
      "value": {
        "id": "projects/proj-demo-120/regions/us-central1",
        "names": [
          "us-central1-a",
          "us-central1-b",
          "us-central1-c",
          "us-central1-f"
        ],
        "project": "proj-demo-120",
        "region": "us-central1",
        "status": null
      },
      "type": [
        "object",
        {
          "id": "string",
          "names": [
            "list",
            "string"
          ],
          "project": "string",
          "region": "string",
          "status": "string"
        }
      ]
    }
  },
  "resources": [
    {
      "mode": "data",
      "type": "google_compute_zones",
      "name": "available",
      "provider": "provider.google",
      "instances": [
        {
          "schema_version": 0,
          "attributes": {
            "id": "projects/proj-demo-120/regions/us-central1",
            "names": [
              "us-central1-a",
              "us-central1-b",
              "us-central1-c",
              "us-central1-f"
            ],
            "project": "proj-demo-120",
            "region": "us-central1",
            "status": null
          }
        }
      ]
    },
    {
      "mode": "managed",
      "type": "google_storage_bucket",
      "name": "b2",
      "provider": "provider.google",
      "instances": [
        {
          "schema_version": 0,
          "attributes": {
            "bucket_policy_only": false,
            "cors": [],
            "default_event_based_hold": false,
            "encryption": [],
            "force_destroy": false,
            "id": "raj-24343-34343",
            "labels": {},
            "lifecycle_rule": [],
            "location": "US-EAST1",
            "logging": [],
            "name": "raj-24343-34343",
            "project": "proj-demo-120",
            "requester_pays": false,
            "retention_policy": [],
            "self_link": "https://www.googleapis.com/storage/v1/b/raj-24343-34343",
            "storage_class": "STANDARD",
            "uniform_bucket_level_access": false,
            "url": "gs://raj-24343-34343",
            "versioning": [],
            "website": []
          },
          "private": "eyJzY2hlbWFfdmVyc2lvbiI6IjAifQ=="
        }
      ]
    }
  ]
}
